
Microsoft Visual Studio Solution File, Format Version 12.00
# Visual Studio Version 17
VisualStudioVersion = 17.2.32630.192
MinimumVisualStudioVersion = 10.0.40219.1
Project("{9A19103F-16F7-4668-BE54-9A1E7A4F7556}") = "Storeme.Web", "Storeme.Web\Storeme.Web.csproj", "{509EE57A-22DD-447B-8C9B-6BE6900D2B3A}"
EndProject
Project("{9A19103F-16F7-4668-BE54-9A1E7A4F7556}") = "Storeme.Data", "Storeme.Data\Storeme.Data.csproj", "{C384CD5F-AEBE-40A3-9737-84CADC6A1F16}"
EndProject
Project("{9A19103F-16F7-4668-BE54-9A1E7A4F7556}") = "Storeme.Entities", "Storeme.Entities\Storeme.Entities.csproj", "{73EF5FFD-0EEA-4100-AFD0-D5D941942B8E}"
EndProject
Project("{9A19103F-16F7-4668-BE54-9A1E7A4F7556}") = "Storeme.Common", "Storeme.Common\Storeme.Common.csproj", "{727A509D-DB44-4052-9726-68BEF4D7193C}"
EndProject
Project("{9A19103F-16F7-4668-BE54-9A1E7A4F7556}") = "Storeme.Services", "Storeme.Services\Storeme.Services.csproj", "{2C9915B1-D9C7-4270-8A69-F00FFCBC534B}"
EndProject
Global
	GlobalSection(SolutionConfigurationPlatforms) = preSolution
		Debug|Any CPU = Debug|Any CPU
		Release|Any CPU = Release|Any CPU
	EndGlobalSection
	GlobalSection(ProjectConfigurationPlatforms) = postSolution
		{509EE57A-22DD-447B-8C9B-6BE6900D2B3A}.Debug|Any CPU.ActiveCfg = Debug|Any CPU
		{509EE57A-22DD-447B-8C9B-6BE6900D2B3A}.Debug|Any CPU.Build.0 = Debug|Any CPU
		{509EE57A-22DD-447B-8C9B-6BE6900D2B3A}.Release|Any CPU.ActiveCfg = Release|Any CPU
		{509EE57A-22DD-447B-8C9B-6BE6900D2B3A}.Release|Any CPU.Build.0 = Release|Any CPU
		{C384CD5F-AEBE-40A3-9737-84CADC6A1F16}.Debug|Any CPU.ActiveCfg = Debug|Any CPU
		{C384CD5F-AEBE-40A3-9737-84CADC6A1F16}.Debug|Any CPU.Build.0 = Debug|Any CPU
		{C384CD5F-AEBE-40A3-9737-84CADC6A1F16}.Release|Any CPU.ActiveCfg = Release|Any CPU
		{C384CD5F-AEBE-40A3-9737-84CADC6A1F16}.Release|Any CPU.Build.0 = Release|Any CPU
		{73EF5FFD-0EEA-4100-AFD0-D5D941942B8E}.Debug|Any CPU.ActiveCfg = Debug|Any CPU
		{73EF5FFD-0EEA-4100-AFD0-D5D941942B8E}.Debug|Any CPU.Build.0 = Debug|Any CPU
		{73EF5FFD-0EEA-4100-AFD0-D5D941942B8E}.Release|Any CPU.ActiveCfg = Release|Any CPU
		{73EF5FFD-0EEA-4100-AFD0-D5D941942B8E}.Release|Any CPU.Build.0 = Release|Any CPU
		{727A509D-DB44-4052-9726-68BEF4D7193C}.Debug|Any CPU.ActiveCfg = Debug|Any CPU
		{727A509D-DB44-4052-9726-68BEF4D7193C}.Debug|Any CPU.Build.0 = Debug|Any CPU
		{727A509D-DB44-4052-9726-68BEF4D7193C}.Release|Any CPU.ActiveCfg = Release|Any CPU
		{727A509D-DB44-4052-9726-68BEF4D7193C}.Release|Any CPU.Build.0 = Release|Any CPU
		{2C9915B1-D9C7-4270-8A69-F00FFCBC534B}.Debug|Any CPU.ActiveCfg = Debug|Any CPU
		{2C9915B1-D9C7-4270-8A69-F00FFCBC534B}.Debug|Any CPU.Build.0 = Debug|Any CPU
		{2C9915B1-D9C7-4270-8A69-F00FFCBC534B}.Release|Any CPU.ActiveCfg = Release|Any CPU
		{2C9915B1-D9C7-4270-8A69-F00FFCBC534B}.Release|Any CPU.Build.0 = Release|Any CPU
	EndGlobalSection
	GlobalSection(SolutionProperties) = preSolution
		HideSolutionNode = FALSE
	EndGlobalSection
	GlobalSection(ExtensibilityGlobals) = postSolution
		SolutionGuid = {50DFBB08-C119-44FF-A377-61F474745BFF}
	EndGlobalSection
EndGlobal
